// !$*UTF8*$!
{
	archiveVersion = 1;
	classes = {
	};
	objectVersion = 56;
	objects = {

/* Begin PBXBuildFile section */
		8D0DF38F2A3F359700A337BA /* ProgressHUD in Frameworks */ = {isa = PBXBuildFile; productRef = 8D0DF38E2A3F359700A337BA /* ProgressHUD */; };
		8D11084529B8E200000BEED5 /* AuthViewController.swift in Sources */ = {isa = PBXBuildFile; fileRef = 8D11084429B8E200000BEED5 /* AuthViewController.swift */; };
		8D11084729B8EDAF000BEED5 /* WebViewViewController.swift in Sources */ = {isa = PBXBuildFile; fileRef = 8D11084629B8EDAF000BEED5 /* WebViewViewController.swift */; };
		8D2D3C5829A7629C0097F759 /* ProfileViewController.swift in Sources */ = {isa = PBXBuildFile; fileRef = 8D2D3C5729A7629C0097F759 /* ProfileViewController.swift */; };
		8D4088852A9245AE00973F44 /* Models.swift in Sources */ = {isa = PBXBuildFile; fileRef = 8D4088842A9245AE00973F44 /* Models.swift */; };
		8D48D96B2A94B3D100F83A5F /* ProgressHUD.swift in Sources */ = {isa = PBXBuildFile; fileRef = 8D48D96A2A94B3D100F83A5F /* ProgressHUD.swift */; };
		8D4BA718298FBB0600E48C74 /* ImagesListCell.swift in Sources */ = {isa = PBXBuildFile; fileRef = 8D4BA717298FBB0600E48C74 /* ImagesListCell.swift */; };
		8D8CBE8B29A21D0200FEB659 /* SingleImageViewController.swift in Sources */ = {isa = PBXBuildFile; fileRef = 8D8CBE8A29A21D0200FEB659 /* SingleImageViewController.swift */; };
		8DAA29DC29B86CF000DE6CFA /* Constants.swift in Sources */ = {isa = PBXBuildFile; fileRef = 8DAA29DB29B86CF000DE6CFA /* Constants.swift */; };
		8DAC1A7C2986C60C003D16E6 /* AppDelegate.swift in Sources */ = {isa = PBXBuildFile; fileRef = 8DAC1A7B2986C60C003D16E6 /* AppDelegate.swift */; };
		8DAC1A7E2986C60C003D16E6 /* SceneDelegate.swift in Sources */ = {isa = PBXBuildFile; fileRef = 8DAC1A7D2986C60C003D16E6 /* SceneDelegate.swift */; };
		8DAC1A802986C60C003D16E6 /* ImagesListViewController.swift in Sources */ = {isa = PBXBuildFile; fileRef = 8DAC1A7F2986C60C003D16E6 /* ImagesListViewController.swift */; };
		8DAC1A832986C60C003D16E6 /* Main.storyboard in Resources */ = {isa = PBXBuildFile; fileRef = 8DAC1A812986C60C003D16E6 /* Main.storyboard */; };
		8DAC1A852986C60C003D16E6 /* Assets.xcassets in Resources */ = {isa = PBXBuildFile; fileRef = 8DAC1A842986C60C003D16E6 /* Assets.xcassets */; };
		8DAC1A882986C60C003D16E6 /* LaunchScreen.storyboard in Resources */ = {isa = PBXBuildFile; fileRef = 8DAC1A862986C60C003D16E6 /* LaunchScreen.storyboard */; };
		8DC2698A29C58AA60074A795 /* OAuth2Service.swift in Sources */ = {isa = PBXBuildFile; fileRef = 8DC2698929C58AA60074A795 /* OAuth2Service.swift */; };
		8DC2698E29C5B4670074A795 /* OAuth2TokenStorage.swift in Sources */ = {isa = PBXBuildFile; fileRef = 8DC2698D29C5B4670074A795 /* OAuth2TokenStorage.swift */; };
		8DC2699229C5BA020074A795 /* SplashViewController.swift in Sources */ = {isa = PBXBuildFile; fileRef = 8DC2699129C5BA020074A795 /* SplashViewController.swift */; };
		8DFB8D4E2A8E8616006C3288 /* Kingfisher in Frameworks */ = {isa = PBXBuildFile; productRef = 8DFB8D4D2A8E8616006C3288 /* Kingfisher */; };
		8DFB8D512A8E864E006C3288 /* SwiftKeychainWrapper in Frameworks */ = {isa = PBXBuildFile; productRef = 8DFB8D502A8E864E006C3288 /* SwiftKeychainWrapper */; };
		8DFB8D532A8E9CCD006C3288 /* ProfileService.swift in Sources */ = {isa = PBXBuildFile; fileRef = 8DFB8D522A8E9CCD006C3288 /* ProfileService.swift */; };
		8DFB8D552A8E9D24006C3288 /* ProfileImageService.swift in Sources */ = {isa = PBXBuildFile; fileRef = 8DFB8D542A8E9D24006C3288 /* ProfileImageService.swift */; };
		8DFB8D5B2A8F44FD006C3288 /* TabBarController.swift in Sources */ = {isa = PBXBuildFile; fileRef = 8DFB8D5A2A8F44FD006C3288 /* TabBarController.swift */; };
/* End PBXBuildFile section */

/* Begin PBXFileReference section */
		8D11084429B8E200000BEED5 /* AuthViewController.swift */ = {isa = PBXFileReference; lastKnownFileType = sourcecode.swift; path = AuthViewController.swift; sourceTree = "<group>"; };
		8D11084629B8EDAF000BEED5 /* WebViewViewController.swift */ = {isa = PBXFileReference; lastKnownFileType = sourcecode.swift; path = WebViewViewController.swift; sourceTree = "<group>"; };
		8D2D3C5729A7629C0097F759 /* ProfileViewController.swift */ = {isa = PBXFileReference; lastKnownFileType = sourcecode.swift; path = ProfileViewController.swift; sourceTree = "<group>"; };
		8D4088842A9245AE00973F44 /* Models.swift */ = {isa = PBXFileReference; lastKnownFileType = sourcecode.swift; path = Models.swift; sourceTree = "<group>"; };
		8D48D96A2A94B3D100F83A5F /* ProgressHUD.swift */ = {isa = PBXFileReference; lastKnownFileType = sourcecode.swift; path = ProgressHUD.swift; sourceTree = "<group>"; };
		8D4BA717298FBB0600E48C74 /* ImagesListCell.swift */ = {isa = PBXFileReference; lastKnownFileType = sourcecode.swift; path = ImagesListCell.swift; sourceTree = "<group>"; };
		8D8CBE8A29A21D0200FEB659 /* SingleImageViewController.swift */ = {isa = PBXFileReference; lastKnownFileType = sourcecode.swift; path = SingleImageViewController.swift; sourceTree = "<group>"; };
		8DAA29DB29B86CF000DE6CFA /* Constants.swift */ = {isa = PBXFileReference; lastKnownFileType = sourcecode.swift; path = Constants.swift; sourceTree = "<group>"; };
		8DAC1A782986C60C003D16E6 /* ImageFeed.app */ = {isa = PBXFileReference; explicitFileType = wrapper.application; includeInIndex = 0; path = ImageFeed.app; sourceTree = BUILT_PRODUCTS_DIR; };
		8DAC1A7B2986C60C003D16E6 /* AppDelegate.swift */ = {isa = PBXFileReference; lastKnownFileType = sourcecode.swift; path = AppDelegate.swift; sourceTree = "<group>"; };
		8DAC1A7D2986C60C003D16E6 /* SceneDelegate.swift */ = {isa = PBXFileReference; lastKnownFileType = sourcecode.swift; path = SceneDelegate.swift; sourceTree = "<group>"; };
		8DAC1A7F2986C60C003D16E6 /* ImagesListViewController.swift */ = {isa = PBXFileReference; lastKnownFileType = sourcecode.swift; path = ImagesListViewController.swift; sourceTree = "<group>"; };
		8DAC1A822986C60C003D16E6 /* Base */ = {isa = PBXFileReference; lastKnownFileType = file.storyboard; name = Base; path = Base.lproj/Main.storyboard; sourceTree = "<group>"; };
		8DAC1A842986C60C003D16E6 /* Assets.xcassets */ = {isa = PBXFileReference; lastKnownFileType = folder.assetcatalog; path = Assets.xcassets; sourceTree = "<group>"; };
		8DAC1A872986C60C003D16E6 /* Base */ = {isa = PBXFileReference; lastKnownFileType = file.storyboard; name = Base; path = Base.lproj/LaunchScreen.storyboard; sourceTree = "<group>"; };
		8DAC1A892986C60C003D16E6 /* Info.plist */ = {isa = PBXFileReference; lastKnownFileType = text.plist.xml; path = Info.plist; sourceTree = "<group>"; };
		8DC2698929C58AA60074A795 /* OAuth2Service.swift */ = {isa = PBXFileReference; lastKnownFileType = sourcecode.swift; path = OAuth2Service.swift; sourceTree = "<group>"; };
		8DC2698D29C5B4670074A795 /* OAuth2TokenStorage.swift */ = {isa = PBXFileReference; lastKnownFileType = sourcecode.swift; path = OAuth2TokenStorage.swift; sourceTree = "<group>"; };
		8DC2699129C5BA020074A795 /* SplashViewController.swift */ = {isa = PBXFileReference; lastKnownFileType = sourcecode.swift; path = SplashViewController.swift; sourceTree = "<group>"; };
		8DFB8D522A8E9CCD006C3288 /* ProfileService.swift */ = {isa = PBXFileReference; lastKnownFileType = sourcecode.swift; path = ProfileService.swift; sourceTree = "<group>"; };
		8DFB8D542A8E9D24006C3288 /* ProfileImageService.swift */ = {isa = PBXFileReference; lastKnownFileType = sourcecode.swift; path = ProfileImageService.swift; sourceTree = "<group>"; };
		8DFB8D5A2A8F44FD006C3288 /* TabBarController.swift */ = {isa = PBXFileReference; lastKnownFileType = sourcecode.swift; path = TabBarController.swift; sourceTree = "<group>"; };
/* End PBXFileReference section */

/* Begin PBXFrameworksBuildPhase section */
		8DAC1A752986C60B003D16E6 /* Frameworks */ = {
			isa = PBXFrameworksBuildPhase;
			buildActionMask = 2147483647;
			files = (
				8DFB8D4E2A8E8616006C3288 /* Kingfisher in Frameworks */,
				8D0DF38F2A3F359700A337BA /* ProgressHUD in Frameworks */,
				8DFB8D512A8E864E006C3288 /* SwiftKeychainWrapper in Frameworks */,
			);
			runOnlyForDeploymentPostprocessing = 0;
		};
/* End PBXFrameworksBuildPhase section */

/* Begin PBXGroup section */
		8D11084129B8AA2B000BEED5 /* AuthView */ = {
			isa = PBXGroup;
			children = (
				8D11084429B8E200000BEED5 /* AuthViewController.swift */,
				8D11084629B8EDAF000BEED5 /* WebViewViewController.swift */,
			);
			path = AuthView;
			sourceTree = "<group>";
		};
		8D4088832A92459600973F44 /* Models */ = {
			isa = PBXGroup;
			children = (
				8D4088842A9245AE00973F44 /* Models.swift */,
			);
			path = Models;
			sourceTree = "<group>";
		};
		8D439F6E2998D93E0094F157 /* Profile */ = {
			isa = PBXGroup;
			children = (
				8D2D3C5729A7629C0097F759 /* ProfileViewController.swift */,
				8DFB8D522A8E9CCD006C3288 /* ProfileService.swift */,
				8DFB8D542A8E9D24006C3288 /* ProfileImageService.swift */,
			);
			path = Profile;
			sourceTree = "<group>";
		};
		8D48D9692A94B33300F83A5F /* ProgressHUD */ = {
			isa = PBXGroup;
			children = (
				8D48D96A2A94B3D100F83A5F /* ProgressHUD.swift */,
			);
			path = ProgressHUD;
			sourceTree = "<group>";
		};
		8D4BA719298FBB2300E48C74 /* ImagesListView */ = {
			isa = PBXGroup;
			children = (
				8D4BA717298FBB0600E48C74 /* ImagesListCell.swift */,
				8DAC1A7F2986C60C003D16E6 /* ImagesListViewController.swift */,
			);
			path = ImagesListView;
			sourceTree = "<group>";
		};
		8DAA29DA29B86CBD00DE6CFA /* Services */ = {
			isa = PBXGroup;
			children = (
				8DAA29DB29B86CF000DE6CFA /* Constants.swift */,
				8DC2698929C58AA60074A795 /* OAuth2Service.swift */,
				8DC2698D29C5B4670074A795 /* OAuth2TokenStorage.swift */,
			);
			path = Services;
			sourceTree = "<group>";
		};
		8DAA29DE29B8840000DE6CFA /* SingleImageView */ = {
			isa = PBXGroup;
			children = (
				8D8CBE8A29A21D0200FEB659 /* SingleImageViewController.swift */,
			);
			path = SingleImageView;
			sourceTree = "<group>";
		};
		8DAC1A6F2986C60B003D16E6 = {
			isa = PBXGroup;
			children = (
				8DAC1A7A2986C60C003D16E6 /* ImageFeed */,
				8DAC1A792986C60C003D16E6 /* Products */,
			);
			sourceTree = "<group>";
		};
		8DAC1A792986C60C003D16E6 /* Products */ = {
			isa = PBXGroup;
			children = (
				8DAC1A782986C60C003D16E6 /* ImageFeed.app */,
			);
			name = Products;
			sourceTree = "<group>";
		};
		8DAC1A7A2986C60C003D16E6 /* ImageFeed */ = {
			isa = PBXGroup;
			children = (
				8D48D9692A94B33300F83A5F /* ProgressHUD */,
				8D4088832A92459600973F44 /* Models */,
				8DFB8D592A8F44F1006C3288 /* TabBarController */,
				8DC2699029C5B9F50074A795 /* SplashViewController */,
				8D11084129B8AA2B000BEED5 /* AuthView */,
				8DAA29DA29B86CBD00DE6CFA /* Services */,
				8D439F6E2998D93E0094F157 /* Profile */,
				8DAA29DE29B8840000DE6CFA /* SingleImageView */,
				8D4BA719298FBB2300E48C74 /* ImagesListView */,
				8DAC1A7B2986C60C003D16E6 /* AppDelegate.swift */,
				8DAC1A7D2986C60C003D16E6 /* SceneDelegate.swift */,
				8DAC1A812986C60C003D16E6 /* Main.storyboard */,
				8DAC1A842986C60C003D16E6 /* Assets.xcassets */,
				8DAC1A862986C60C003D16E6 /* LaunchScreen.storyboard */,
				8DAC1A892986C60C003D16E6 /* Info.plist */,
			);
			path = ImageFeed;
			sourceTree = "<group>";
		};
		8DC2699029C5B9F50074A795 /* SplashViewController */ = {
			isa = PBXGroup;
			children = (
				8DC2699129C5BA020074A795 /* SplashViewController.swift */,
			);
			path = SplashViewController;
			sourceTree = "<group>";
		};
		8DFB8D592A8F44F1006C3288 /* TabBarController */ = {
			isa = PBXGroup;
			children = (
				8DFB8D5A2A8F44FD006C3288 /* TabBarController.swift */,
			);
			path = TabBarController;
			sourceTree = "<group>";
		};
/* End PBXGroup section */

/* Begin PBXNativeTarget section */
		8DAC1A772986C60B003D16E6 /* ImageFeed */ = {
			isa = PBXNativeTarget;
			buildConfigurationList = 8DAC1A8C2986C60C003D16E6 /* Build configuration list for PBXNativeTarget "ImageFeed" */;
			buildPhases = (
				8DAC1A742986C60B003D16E6 /* Sources */,
				8DAC1A752986C60B003D16E6 /* Frameworks */,
				8DAC1A762986C60B003D16E6 /* Resources */,
			);
			buildRules = (
			);
			dependencies = (
			);
			name = ImageFeed;
			packageProductDependencies = (
				8D0DF38E2A3F359700A337BA /* ProgressHUD */,
				8DFB8D4D2A8E8616006C3288 /* Kingfisher */,
				8DFB8D502A8E864E006C3288 /* SwiftKeychainWrapper */,
			);
			productName = ImageFeed;
			productReference = 8DAC1A782986C60C003D16E6 /* ImageFeed.app */;
			productType = "com.apple.product-type.application";
		};
/* End PBXNativeTarget section */

/* Begin PBXProject section */
		8DAC1A702986C60B003D16E6 /* Project object */ = {
			isa = PBXProject;
			attributes = {
				BuildIndependentTargetsInParallel = 1;
				LastSwiftUpdateCheck = 1420;
				LastUpgradeCheck = 1420;
				TargetAttributes = {
					8DAC1A772986C60B003D16E6 = {
						CreatedOnToolsVersion = 14.2;
					};
				};
			};
			buildConfigurationList = 8DAC1A732986C60B003D16E6 /* Build configuration list for PBXProject "ImageFeed" */;
			compatibilityVersion = "Xcode 14.0";
			developmentRegion = en;
			hasScannedForEncodings = 0;
			knownRegions = (
				en,
				Base,
			);
			mainGroup = 8DAC1A6F2986C60B003D16E6;
			packageReferences = (
				8D0DF38D2A3F359600A337BA /* XCRemoteSwiftPackageReference "ProgressHUD" */,
				8DFB8D4C2A8E8616006C3288 /* XCRemoteSwiftPackageReference "Kingfisher" */,
				8DFB8D4F2A8E864E006C3288 /* XCRemoteSwiftPackageReference "SwiftKeychainWrapper" */,
			);
			productRefGroup = 8DAC1A792986C60C003D16E6 /* Products */;
			projectDirPath = "";
			projectRoot = "";
			targets = (
				8DAC1A772986C60B003D16E6 /* ImageFeed */,
			);
		};
/* End PBXProject section */

/* Begin PBXResourcesBuildPhase section */
		8DAC1A762986C60B003D16E6 /* Resources */ = {
			isa = PBXResourcesBuildPhase;
			buildActionMask = 2147483647;
			files = (
				8DAC1A882986C60C003D16E6 /* LaunchScreen.storyboard in Resources */,
				8DAC1A852986C60C003D16E6 /* Assets.xcassets in Resources */,
				8DAC1A832986C60C003D16E6 /* Main.storyboard in Resources */,
			);
			runOnlyForDeploymentPostprocessing = 0;
		};
/* End PBXResourcesBuildPhase section */

/* Begin PBXSourcesBuildPhase section */
		8DAC1A742986C60B003D16E6 /* Sources */ = {
			isa = PBXSourcesBuildPhase;
			buildActionMask = 2147483647;
			files = (
				8DFB8D532A8E9CCD006C3288 /* ProfileService.swift in Sources */,
				8DFB8D552A8E9D24006C3288 /* ProfileImageService.swift in Sources */,
				8DC2698E29C5B4670074A795 /* OAuth2TokenStorage.swift in Sources */,
				8DFB8D5B2A8F44FD006C3288 /* TabBarController.swift in Sources */,
				8D11084729B8EDAF000BEED5 /* WebViewViewController.swift in Sources */,
				8DAC1A802986C60C003D16E6 /* ImagesListViewController.swift in Sources */,
				8D48D96B2A94B3D100F83A5F /* ProgressHUD.swift in Sources */,
				8D4BA718298FBB0600E48C74 /* ImagesListCell.swift in Sources */,
				8DAC1A7C2986C60C003D16E6 /* AppDelegate.swift in Sources */,
				8DC2698A29C58AA60074A795 /* OAuth2Service.swift in Sources */,
				8DC2699229C5BA020074A795 /* SplashViewController.swift in Sources */,
				8D2D3C5829A7629C0097F759 /* ProfileViewController.swift in Sources */,
				8D4088852A9245AE00973F44 /* Models.swift in Sources */,
				8DAA29DC29B86CF000DE6CFA /* Constants.swift in Sources */,
				8D8CBE8B29A21D0200FEB659 /* SingleImageViewController.swift in Sources */,
				8D11084529B8E200000BEED5 /* AuthViewController.swift in Sources */,
				8DAC1A7E2986C60C003D16E6 /* SceneDelegate.swift in Sources */,
			);
			runOnlyForDeploymentPostprocessing = 0;
		};
/* End PBXSourcesBuildPhase section */

/* Begin PBXVariantGroup section */
		8DAC1A812986C60C003D16E6 /* Main.storyboard */ = {
			isa = PBXVariantGroup;
			children = (
				8DAC1A822986C60C003D16E6 /* Base */,
			);
			name = Main.storyboard;
			sourceTree = "<group>";
		};
		8DAC1A862986C60C003D16E6 /* LaunchScreen.storyboard */ = {
			isa = PBXVariantGroup;
			children = (
				8DAC1A872986C60C003D16E6 /* Base */,
			);
			name = LaunchScreen.storyboard;
			sourceTree = "<group>";
		};
/* End PBXVariantGroup section */

/* Begin XCBuildConfiguration section */
		8DAC1A8A2986C60C003D16E6 /* Debug */ = {
			isa = XCBuildConfiguration;
			buildSettings = {
				ALWAYS_SEARCH_USER_PATHS = NO;
				CLANG_ANALYZER_NONNULL = YES;
				CLANG_ANALYZER_NUMBER_OBJECT_CONVERSION = YES_AGGRESSIVE;
				CLANG_CXX_LANGUAGE_STANDARD = "gnu++20";
				CLANG_ENABLE_MODULES = YES;
				CLANG_ENABLE_OBJC_ARC = YES;
				CLANG_ENABLE_OBJC_WEAK = YES;
				CLANG_WARN_BLOCK_CAPTURE_AUTORELEASING = YES;
				CLANG_WARN_BOOL_CONVERSION = YES;
				CLANG_WARN_COMMA = YES;
				CLANG_WARN_CONSTANT_CONVERSION = YES;
				CLANG_WARN_DEPRECATED_OBJC_IMPLEMENTATIONS = YES;
				CLANG_WARN_DIRECT_OBJC_ISA_USAGE = YES_ERROR;
				CLANG_WARN_DOCUMENTATION_COMMENTS = YES;
				CLANG_WARN_EMPTY_BODY = YES;
				CLANG_WARN_ENUM_CONVERSION = YES;
				CLANG_WARN_INFINITE_RECURSION = YES;
				CLANG_WARN_INT_CONVERSION = YES;
				CLANG_WARN_NON_LITERAL_NULL_CONVERSION = YES;
				CLANG_WARN_OBJC_IMPLICIT_RETAIN_SELF = YES;
				CLANG_WARN_OBJC_LITERAL_CONVERSION = YES;
				CLANG_WARN_OBJC_ROOT_CLASS = YES_ERROR;
				CLANG_WARN_QUOTED_INCLUDE_IN_FRAMEWORK_HEADER = YES;
				CLANG_WARN_RANGE_LOOP_ANALYSIS = YES;
				CLANG_WARN_STRICT_PROTOTYPES = YES;
				CLANG_WARN_SUSPICIOUS_MOVE = YES;
				CLANG_WARN_UNGUARDED_AVAILABILITY = YES_AGGRESSIVE;
				CLANG_WARN_UNREACHABLE_CODE = YES;
				CLANG_WARN__DUPLICATE_METHOD_MATCH = YES;
				COPY_PHASE_STRIP = NO;
				DEBUG_INFORMATION_FORMAT = dwarf;
				ENABLE_STRICT_OBJC_MSGSEND = YES;
				ENABLE_TESTABILITY = YES;
				GCC_C_LANGUAGE_STANDARD = gnu11;
				GCC_DYNAMIC_NO_PIC = NO;
				GCC_NO_COMMON_BLOCKS = YES;
				GCC_OPTIMIZATION_LEVEL = 0;
				GCC_PREPROCESSOR_DEFINITIONS = (
					"DEBUG=1",
					"$(inherited)",
				);
				GCC_WARN_64_TO_32_BIT_CONVERSION = YES;
				GCC_WARN_ABOUT_RETURN_TYPE = YES_ERROR;
				GCC_WARN_UNDECLARED_SELECTOR = YES;
				GCC_WARN_UNINITIALIZED_AUTOS = YES_AGGRESSIVE;
				GCC_WARN_UNUSED_FUNCTION = YES;
				GCC_WARN_UNUSED_VARIABLE = YES;
				IPHONEOS_DEPLOYMENT_TARGET = 16.2;
				MTL_ENABLE_DEBUG_INFO = INCLUDE_SOURCE;
				MTL_FAST_MATH = YES;
				ONLY_ACTIVE_ARCH = YES;
				SDKROOT = iphoneos;
				SWIFT_ACTIVE_COMPILATION_CONDITIONS = DEBUG;
				SWIFT_OPTIMIZATION_LEVEL = "-Onone";
			};
			name = Debug;
		};
		8DAC1A8B2986C60C003D16E6 /* Release */ = {
			isa = XCBuildConfiguration;
			buildSettings = {
				ALWAYS_SEARCH_USER_PATHS = NO;
				CLANG_ANALYZER_NONNULL = YES;
				CLANG_ANALYZER_NUMBER_OBJECT_CONVERSION = YES_AGGRESSIVE;
				CLANG_CXX_LANGUAGE_STANDARD = "gnu++20";
				CLANG_ENABLE_MODULES = YES;
				CLANG_ENABLE_OBJC_ARC = YES;
				CLANG_ENABLE_OBJC_WEAK = YES;
				CLANG_WARN_BLOCK_CAPTURE_AUTORELEASING = YES;
				CLANG_WARN_BOOL_CONVERSION = YES;
				CLANG_WARN_COMMA = YES;
				CLANG_WARN_CONSTANT_CONVERSION = YES;
				CLANG_WARN_DEPRECATED_OBJC_IMPLEMENTATIONS = YES;
				CLANG_WARN_DIRECT_OBJC_ISA_USAGE = YES_ERROR;
				CLANG_WARN_DOCUMENTATION_COMMENTS = YES;
				CLANG_WARN_EMPTY_BODY = YES;
				CLANG_WARN_ENUM_CONVERSION = YES;
				CLANG_WARN_INFINITE_RECURSION = YES;
				CLANG_WARN_INT_CONVERSION = YES;
				CLANG_WARN_NON_LITERAL_NULL_CONVERSION = YES;
				CLANG_WARN_OBJC_IMPLICIT_RETAIN_SELF = YES;
				CLANG_WARN_OBJC_LITERAL_CONVERSION = YES;
				CLANG_WARN_OBJC_ROOT_CLASS = YES_ERROR;
				CLANG_WARN_QUOTED_INCLUDE_IN_FRAMEWORK_HEADER = YES;
				CLANG_WARN_RANGE_LOOP_ANALYSIS = YES;
				CLANG_WARN_STRICT_PROTOTYPES = YES;
				CLANG_WARN_SUSPICIOUS_MOVE = YES;
				CLANG_WARN_UNGUARDED_AVAILABILITY = YES_AGGRESSIVE;
				CLANG_WARN_UNREACHABLE_CODE = YES;
				CLANG_WARN__DUPLICATE_METHOD_MATCH = YES;
				COPY_PHASE_STRIP = NO;
				DEBUG_INFORMATION_FORMAT = "dwarf-with-dsym";
				ENABLE_NS_ASSERTIONS = NO;
				ENABLE_STRICT_OBJC_MSGSEND = YES;
				GCC_C_LANGUAGE_STANDARD = gnu11;
				GCC_NO_COMMON_BLOCKS = YES;
				GCC_WARN_64_TO_32_BIT_CONVERSION = YES;
				GCC_WARN_ABOUT_RETURN_TYPE = YES_ERROR;
				GCC_WARN_UNDECLARED_SELECTOR = YES;
				GCC_WARN_UNINITIALIZED_AUTOS = YES_AGGRESSIVE;
				GCC_WARN_UNUSED_FUNCTION = YES;
				GCC_WARN_UNUSED_VARIABLE = YES;
				IPHONEOS_DEPLOYMENT_TARGET = 16.2;
				MTL_ENABLE_DEBUG_INFO = NO;
				MTL_FAST_MATH = YES;
				SDKROOT = iphoneos;
				SWIFT_COMPILATION_MODE = wholemodule;
				SWIFT_OPTIMIZATION_LEVEL = "-O";
				VALIDATE_PRODUCT = YES;
			};
			name = Release;
		};
		8DAC1A8D2986C60C003D16E6 /* Debug */ = {
			isa = XCBuildConfiguration;
			buildSettings = {
				ASSETCATALOG_COMPILER_APPICON_NAME = AppIcon;
				ASSETCATALOG_COMPILER_GLOBAL_ACCENT_COLOR_NAME = AccentColor;
				CODE_SIGN_STYLE = Automatic;
				CURRENT_PROJECT_VERSION = 1;
				DEVELOPMENT_TEAM = 69GECRXB7Y;
				GENERATE_INFOPLIST_FILE = YES;
				INFOPLIST_FILE = ImageFeed/Info.plist;
				INFOPLIST_KEY_UIApplicationSupportsIndirectInputEvents = YES;
				INFOPLIST_KEY_UILaunchStoryboardName = LaunchScreen;
				INFOPLIST_KEY_UIMainStoryboardFile = Main;
				INFOPLIST_KEY_UISupportedInterfaceOrientations = UIInterfaceOrientationPortrait;
				INFOPLIST_KEY_UISupportedInterfaceOrientations_iPad = "UIInterfaceOrientationLandscapeLeft UIInterfaceOrientationLandscapeRight UIInterfaceOrientationPortraitUpsideDown";
				IPHONEOS_DEPLOYMENT_TARGET = 13.0;
				LD_RUNPATH_SEARCH_PATHS = (
					"$(inherited)",
					"@executable_path/Frameworks",
				);
				MARKETING_VERSION = 1.0;
				PRODUCT_BUNDLE_IDENTIFIER = "ru.f1-ks.ImageFeed";
				PRODUCT_NAME = "$(TARGET_NAME)";
				SUPPORTED_PLATFORMS = "iphoneos iphonesimulator";
				SUPPORTS_MACCATALYST = NO;
				SUPPORTS_MAC_DESIGNED_FOR_IPHONE_IPAD = NO;
				SWIFT_EMIT_LOC_STRINGS = YES;
				SWIFT_VERSION = 5.0;
				TARGETED_DEVICE_FAMILY = 1;
			};
			name = Debug;
		};
		8DAC1A8E2986C60C003D16E6 /* Release */ = {
			isa = XCBuildConfiguration;
			buildSettings = {
				ASSETCATALOG_COMPILER_APPICON_NAME = AppIcon;
				ASSETCATALOG_COMPILER_GLOBAL_ACCENT_COLOR_NAME = AccentColor;
				CODE_SIGN_STYLE = Automatic;
				CURRENT_PROJECT_VERSION = 1;
				DEVELOPMENT_TEAM = 69GECRXB7Y;
				GENERATE_INFOPLIST_FILE = YES;
				INFOPLIST_FILE = ImageFeed/Info.plist;
				INFOPLIST_KEY_UIApplicationSupportsIndirectInputEvents = YES;
				INFOPLIST_KEY_UILaunchStoryboardName = LaunchScreen;
				INFOPLIST_KEY_UIMainStoryboardFile = Main;
				INFOPLIST_KEY_UISupportedInterfaceOrientations = UIInterfaceOrientationPortrait;
				INFOPLIST_KEY_UISupportedInterfaceOrientations_iPad = "UIInterfaceOrientationLandscapeLeft UIInterfaceOrientationLandscapeRight UIInterfaceOrientationPortraitUpsideDown";
				IPHONEOS_DEPLOYMENT_TARGET = 13.0;
				LD_RUNPATH_SEARCH_PATHS = (
					"$(inherited)",
					"@executable_path/Frameworks",
				);
				MARKETING_VERSION = 1.0;
				PRODUCT_BUNDLE_IDENTIFIER = "ru.f1-ks.ImageFeed";
				PRODUCT_NAME = "$(TARGET_NAME)";
				SUPPORTED_PLATFORMS = "iphoneos iphonesimulator";
				SUPPORTS_MACCATALYST = NO;
				SUPPORTS_MAC_DESIGNED_FOR_IPHONE_IPAD = NO;
				SWIFT_EMIT_LOC_STRINGS = YES;
				SWIFT_VERSION = 5.0;
				TARGETED_DEVICE_FAMILY = 1;
			};
			name = Release;
		};
/* End XCBuildConfiguration section */

/* Begin XCConfigurationList section */
		8DAC1A732986C60B003D16E6 /* Build configuration list for PBXProject "ImageFeed" */ = {
			isa = XCConfigurationList;
			buildConfigurations = (
				8DAC1A8A2986C60C003D16E6 /* Debug */,
				8DAC1A8B2986C60C003D16E6 /* Release */,
			);
			defaultConfigurationIsVisible = 0;
			defaultConfigurationName = Release;
		};
		8DAC1A8C2986C60C003D16E6 /* Build configuration list for PBXNativeTarget "ImageFeed" */ = {
			isa = XCConfigurationList;
			buildConfigurations = (
				8DAC1A8D2986C60C003D16E6 /* Debug */,
				8DAC1A8E2986C60C003D16E6 /* Release */,
			);
			defaultConfigurationIsVisible = 0;
			defaultConfigurationName = Release;
		};
/* End XCConfigurationList section */

/* Begin XCRemoteSwiftPackageReference section */
		8D0DF38D2A3F359600A337BA /* XCRemoteSwiftPackageReference "ProgressHUD" */ = {
			isa = XCRemoteSwiftPackageReference;
			repositoryURL = "https://github.com/relatedcode/ProgressHUD";
			requirement = {
				kind = upToNextMajorVersion;
				minimumVersion = 13.0.0;
			};
		};
		8DFB8D4C2A8E8616006C3288 /* XCRemoteSwiftPackageReference "Kingfisher" */ = {
			isa = XCRemoteSwiftPackageReference;
			repositoryURL = "https://github.com/onevcat/Kingfisher";
			requirement = {
				kind = upToNextMajorVersion;
				minimumVersion = 7.0.0;
			};
		};
		8DFB8D4F2A8E864E006C3288 /* XCRemoteSwiftPackageReference "SwiftKeychainWrapper" */ = {
			isa = XCRemoteSwiftPackageReference;
			repositoryURL = "https://github.com/jrendel/SwiftKeychainWrapper";
			requirement = {
				kind = upToNextMajorVersion;
				minimumVersion = 4.0.0;
			};
		};
/* End XCRemoteSwiftPackageReference section */

/* Begin XCSwiftPackageProductDependency section */
		8D0DF38E2A3F359700A337BA /* ProgressHUD */ = {
			isa = XCSwiftPackageProductDependency;
			package = 8D0DF38D2A3F359600A337BA /* XCRemoteSwiftPackageReference "ProgressHUD" */;
			productName = ProgressHUD;
		};
		8DFB8D4D2A8E8616006C3288 /* Kingfisher */ = {
			isa = XCSwiftPackageProductDependency;
			package = 8DFB8D4C2A8E8616006C3288 /* XCRemoteSwiftPackageReference "Kingfisher" */;
			productName = Kingfisher;
		};
		8DFB8D502A8E864E006C3288 /* SwiftKeychainWrapper */ = {
			isa = XCSwiftPackageProductDependency;
			package = 8DFB8D4F2A8E864E006C3288 /* XCRemoteSwiftPackageReference "SwiftKeychainWrapper" */;
			productName = SwiftKeychainWrapper;
		};
/* End XCSwiftPackageProductDependency section */
	};
	rootObject = 8DAC1A702986C60B003D16E6 /* Project object */;
}
